{
    "_readme": [
        "This file locks the dependencies of your project to a known state",
        "Read more about it at https://getcomposer.org/doc/01-basic-usage.md#installing-dependencies",
        "This file is @generated automatically"
    ],
    "content-hash": "19d2b53dd03b613b49e89188bd3fda15",
    "packages": [
        {
            "name": "xitoid/nezuko",
            "version": "v1.0.0",
            "source": {
                "type": "git",
                "url": "https://github.com/xitoid/nezuko.git",
                "reference": "3f87e2bf7cbe5966f05dd6759cb2f73cf95d8187"
            },
            "dist": {
                "type": "zip",
                "url": "https://api.github.com/repos/xitoid/nezuko/zipball/3f87e2bf7cbe5966f05dd6759cb2f73cf95d8187",
                "reference": "3f87e2bf7cbe5966f05dd6759cb2f73cf95d8187",
                "shasum": ""
            },
            "type": "library",
            "autoload": {
                "psr-4": {
                    "Nezuko\\": "src/"
                }
            },
            "notification-url": "https://packagist.org/downloads/",
            "license": [
                "MIT"
            ],
            "authors": [
                {
                    "name": "xitoid",
                    "email": "agungsetiawan.afund@gmail.com"
                }
            ],
            "description": "Nezuko adalah library untuk menggenerate kata otomatis",
            "support": {
                "issues": "https://github.com/xitoid/nezuko/issues",
                "source": "https://github.com/xitoid/nezuko/tree/v1.0.0"
            },
            "time": "2021-10-15T10:56:39+00:00"
        }
    ],
    "packages-dev": [],
    "aliases": [],
    "minimum-stability": "stable",
    "stability-flags": {
        "xitoid/nezuko": 10
    },
    "prefer-stable": false,
    "prefer-lowest": false,
    "platform": [],
    "platform-dev": [],
    "plugin-api-version": "2.1.0"
}
